// !$*UTF8*$!
{
	archiveVersion = 1;
	classes = {
	};
	objectVersion = 56;
	objects = {

/* Begin PBXBuildFile section */
		22DEBB062B6BD1B800509043 /* AppDelegate.swift in Sources */ = {isa = PBXBuildFile; fileRef = 22DEBB052B6BD1B800509043 /* AppDelegate.swift */; };
		22DEBB082B6BD1B800509043 /* SceneDelegate.swift in Sources */ = {isa = PBXBuildFile; fileRef = 22DEBB072B6BD1B800509043 /* SceneDelegate.swift */; };
		22DEBB0A2B6BD1B800509043 /* ViewController.swift in Sources */ = {isa = PBXBuildFile; fileRef = 22DEBB092B6BD1B800509043 /* ViewController.swift */; };
		22DEBB0D2B6BD1B800509043 /* Main.storyboard in Resources */ = {isa = PBXBuildFile; fileRef = 22DEBB0B2B6BD1B800509043 /* Main.storyboard */; };
		22DEBB0F2B6BD1B900509043 /* Assets.xcassets in Resources */ = {isa = PBXBuildFile; fileRef = 22DEBB0E2B6BD1B900509043 /* Assets.xcassets */; };
		22DEBB122B6BD1B900509043 /* LaunchScreen.storyboard in Resources */ = {isa = PBXBuildFile; fileRef = 22DEBB102B6BD1B900509043 /* LaunchScreen.storyboard */; };
		22DEBB1D2B6BD1B900509043 /* TicTacToeTabitaSTests.swift in Sources */ = {isa = PBXBuildFile; fileRef = 22DEBB1C2B6BD1B900509043 /* TicTacToeTabitaSTests.swift */; };
		22DEBB272B6BD1B900509043 /* TicTacToeTabitaSUITests.swift in Sources */ = {isa = PBXBuildFile; fileRef = 22DEBB262B6BD1B900509043 /* TicTacToeTabitaSUITests.swift */; };
		22DEBB292B6BD1B900509043 /* TicTacToeTabitaSUITestsLaunchTests.swift in Sources */ = {isa = PBXBuildFile; fileRef = 22DEBB282B6BD1B900509043 /* TicTacToeTabitaSUITestsLaunchTests.swift */; };
/* End PBXBuildFile section */

/* Begin PBXContainerItemProxy section */
		22DEBB192B6BD1B900509043 /* PBXContainerItemProxy */ = {
			isa = PBXContainerItemProxy;
			containerPortal = 22DEBAFA2B6BD1B800509043 /* Project object */;
			proxyType = 1;
			remoteGlobalIDString = 22DEBB012B6BD1B800509043;
			remoteInfo = TicTacToeTabitaS;
		};
		22DEBB232B6BD1B900509043 /* PBXContainerItemProxy */ = {
			isa = PBXContainerItemProxy;
			containerPortal = 22DEBAFA2B6BD1B800509043 /* Project object */;
			proxyType = 1;
			remoteGlobalIDString = 22DEBB012B6BD1B800509043;
			remoteInfo = TicTacToeTabitaS;
		};
/* End PBXContainerItemProxy section */

/* Begin PBXFileReference section */
		22DEBB022B6BD1B800509043 /* TicTacToeTabitaS.app */ = {isa = PBXFileReference; explicitFileType = wrapper.application; includeInIndex = 0; path = TicTacToeTabitaS.app; sourceTree = BUILT_PRODUCTS_DIR; };
		22DEBB052B6BD1B800509043 /* AppDelegate.swift */ = {isa = PBXFileReference; lastKnownFileType = sourcecode.swift; path = AppDelegate.swift; sourceTree = "<group>"; };
		22DEBB072B6BD1B800509043 /* SceneDelegate.swift */ = {isa = PBXFileReference; lastKnownFileType = sourcecode.swift; path = SceneDelegate.swift; sourceTree = "<group>"; };
		22DEBB092B6BD1B800509043 /* ViewController.swift */ = {isa = PBXFileReference; lastKnownFileType = sourcecode.swift; path = ViewController.swift; sourceTree = "<group>"; };
		22DEBB0C2B6BD1B800509043 /* Base */ = {isa = PBXFileReference; lastKnownFileType = file.storyboard; name = Base; path = Base.lproj/Main.storyboard; sourceTree = "<group>"; };
		22DEBB0E2B6BD1B900509043 /* Assets.xcassets */ = {isa = PBXFileReference; lastKnownFileType = folder.assetcatalog; path = Assets.xcassets; sourceTree = "<group>"; };
		22DEBB112B6BD1B900509043 /* Base */ = {isa = PBXFileReference; lastKnownFileType = file.storyboard; name = Base; path = Base.lproj/LaunchScreen.storyboard; sourceTree = "<group>"; };
		22DEBB132B6BD1B900509043 /* Info.plist */ = {isa = PBXFileReference; lastKnownFileType = text.plist.xml; path = Info.plist; sourceTree = "<group>"; };
		22DEBB182B6BD1B900509043 /* TicTacToeTabitaSTests.xctest */ = {isa = PBXFileReference; explicitFileType = wrapper.cfbundle; includeInIndex = 0; path = TicTacToeTabitaSTests.xctest; sourceTree = BUILT_PRODUCTS_DIR; };
		22DEBB1C2B6BD1B900509043 /* TicTacToeTabitaSTests.swift */ = {isa = PBXFileReference; lastKnownFileType = sourcecode.swift; path = TicTacToeTabitaSTests.swift; sourceTree = "<group>"; };
		22DEBB222B6BD1B900509043 /* TicTacToeTabitaSUITests.xctest */ = {isa = PBXFileReference; explicitFileType = wrapper.cfbundle; includeInIndex = 0; path = TicTacToeTabitaSUITests.xctest; sourceTree = BUILT_PRODUCTS_DIR; };
		22DEBB262B6BD1B900509043 /* TicTacToeTabitaSUITests.swift */ = {isa = PBXFileReference; lastKnownFileType = sourcecode.swift; path = TicTacToeTabitaSUITests.swift; sourceTree = "<group>"; };
		22DEBB282B6BD1B900509043 /* TicTacToeTabitaSUITestsLaunchTests.swift */ = {isa = PBXFileReference; lastKnownFileType = sourcecode.swift; path = TicTacToeTabitaSUITestsLaunchTests.swift; sourceTree = "<group>"; };
/* End PBXFileReference section */

/* Begin PBXFrameworksBuildPhase section */
		22DEBAFF2B6BD1B800509043 /* Frameworks */ = {
			isa = PBXFrameworksBuildPhase;
			buildActionMask = 2147483647;
			files = (
			);
			runOnlyForDeploymentPostprocessing = 0;
		};
		22DEBB152B6BD1B900509043 /* Frameworks */ = {
			isa = PBXFrameworksBuildPhase;
			buildActionMask = 2147483647;
			files = (
			);
			runOnlyForDeploymentPostprocessing = 0;
		};
		22DEBB1F2B6BD1B900509043 /* Frameworks */ = {
			isa = PBXFrameworksBuildPhase;
			buildActionMask = 2147483647;
			files = (
			);
			runOnlyForDeploymentPostprocessing = 0;
		};
/* End PBXFrameworksBuildPhase section */

/* Begin PBXGroup section */
		22DEBAF92B6BD1B800509043 = {
			isa = PBXGroup;
			children = (
				22DEBB042B6BD1B800509043 /* TicTacToeTabitaS */,
				22DEBB1B2B6BD1B900509043 /* TicTacToeTabitaSTests */,
				22DEBB252B6BD1B900509043 /* TicTacToeTabitaSUITests */,
				22DEBB032B6BD1B800509043 /* Products */,
			);
			sourceTree = "<group>";
		};
		22DEBB032B6BD1B800509043 /* Products */ = {
			isa = PBXGroup;
			children = (
				22DEBB022B6BD1B800509043 /* TicTacToeTabitaS.app */,
				22DEBB182B6BD1B900509043 /* TicTacToeTabitaSTests.xctest */,
				22DEBB222B6BD1B900509043 /* TicTacToeTabitaSUITests.xctest */,
			);
			name = Products;
			sourceTree = "<group>";
		};
		22DEBB042B6BD1B800509043 /* TicTacToeTabitaS */ = {
			isa = PBXGroup;
			children = (
				22DEBB052B6BD1B800509043 /* AppDelegate.swift */,
				22DEBB072B6BD1B800509043 /* SceneDelegate.swift */,
				22DEBB092B6BD1B800509043 /* ViewController.swift */,
				22DEBB0B2B6BD1B800509043 /* Main.storyboard */,
				22DEBB0E2B6BD1B900509043 /* Assets.xcassets */,
				22DEBB102B6BD1B900509043 /* LaunchScreen.storyboard */,
				22DEBB132B6BD1B900509043 /* Info.plist */,
			);
			path = TicTacToeTabitaS;
			sourceTree = "<group>";
		};
		22DEBB1B2B6BD1B900509043 /* TicTacToeTabitaSTests */ = {
			isa = PBXGroup;
			children = (
				22DEBB1C2B6BD1B900509043 /* TicTacToeTabitaSTests.swift */,
			);
			path = TicTacToeTabitaSTests;
			sourceTree = "<group>";
		};
		22DEBB252B6BD1B900509043 /* TicTacToeTabitaSUITests */ = {
			isa = PBXGroup;
			children = (
				22DEBB262B6BD1B900509043 /* TicTacToeTabitaSUITests.swift */,
				22DEBB282B6BD1B900509043 /* TicTacToeTabitaSUITestsLaunchTests.swift */,
			);
			path = TicTacToeTabitaSUITests;
			sourceTree = "<group>";
		};
/* End PBXGroup section */

/* Begin PBXNativeTarget section */
		22DEBB012B6BD1B800509043 /* TicTacToeTabitaS */ = {
			isa = PBXNativeTarget;
			buildConfigurationList = 22DEBB2C2B6BD1B900509043 /* Build configuration list for PBXNativeTarget "TicTacToeTabitaS" */;
			buildPhases = (
				22DEBAFE2B6BD1B800509043 /* Sources */,
				22DEBAFF2B6BD1B800509043 /* Frameworks */,
				22DEBB002B6BD1B800509043 /* Resources */,
			);
			buildRules = (
			);
			dependencies = (
			);
			name = TicTacToeTabitaS;
			productName = TicTacToeTabitaS;
			productReference = 22DEBB022B6BD1B800509043 /* TicTacToeTabitaS.app */;
			productType = "com.apple.product-type.application";
		};
		22DEBB172B6BD1B900509043 /* TicTacToeTabitaSTests */ = {
			isa = PBXNativeTarget;
			buildConfigurationList = 22DEBB2F2B6BD1B900509043 /* Build configuration list for PBXNativeTarget "TicTacToeTabitaSTests" */;
			buildPhases = (
				22DEBB142B6BD1B900509043 /* Sources */,
				22DEBB152B6BD1B900509043 /* Frameworks */,
				22DEBB162B6BD1B900509043 /* Resources */,
			);
			buildRules = (
			);
			dependencies = (
				22DEBB1A2B6BD1B900509043 /* PBXTargetDependency */,
			);
			name = TicTacToeTabitaSTests;
			productName = TicTacToeTabitaSTests;
			productReference = 22DEBB182B6BD1B900509043 /* TicTacToeTabitaSTests.xctest */;
			productType = "com.apple.product-type.bundle.unit-test";
		};
		22DEBB212B6BD1B900509043 /* TicTacToeTabitaSUITests */ = {
			isa = PBXNativeTarget;
			buildConfigurationList = 22DEBB322B6BD1B900509043 /* Build configuration list for PBXNativeTarget "TicTacToeTabitaSUITests" */;
			buildPhases = (
				22DEBB1E2B6BD1B900509043 /* Sources */,
				22DEBB1F2B6BD1B900509043 /* Frameworks */,
				22DEBB202B6BD1B900509043 /* Resources */,
			);
			buildRules = (
			);
			dependencies = (
				22DEBB242B6BD1B900509043 /* PBXTargetDependency */,
			);
			name = TicTacToeTabitaSUITests;
			productName = TicTacToeTabitaSUITests;
			productReference = 22DEBB222B6BD1B900509043 /* TicTacToeTabitaSUITests.xctest */;
			productType = "com.apple.product-type.bundle.ui-testing";
		};
/* End PBXNativeTarget section */

/* Begin PBXProject section */
		22DEBAFA2B6BD1B800509043 /* Project object */ = {
			isa = PBXProject;
			attributes = {
				BuildIndependentTargetsInParallel = 1;
				LastSwiftUpdateCheck = 1520;
				LastUpgradeCheck = 1520;
				TargetAttributes = {
					22DEBB012B6BD1B800509043 = {
						CreatedOnToolsVersion = 15.2;
					};
					22DEBB172B6BD1B900509043 = {
						CreatedOnToolsVersion = 15.2;
						TestTargetID = 22DEBB012B6BD1B800509043;
					};
					22DEBB212B6BD1B900509043 = {
						CreatedOnToolsVersion = 15.2;
						TestTargetID = 22DEBB012B6BD1B800509043;
					};
				};
			};
			buildConfigurationList = 22DEBAFD2B6BD1B800509043 /* Build configuration list for PBXProject "TicTacToeTabitaS" */;
			compatibilityVersion = "Xcode 14.0";
			developmentRegion = en;
			hasScannedForEncodings = 0;
			knownRegions = (
				en,
				Base,
			);
			mainGroup = 22DEBAF92B6BD1B800509043;
			productRefGroup = 22DEBB032B6BD1B800509043 /* Products */;
			projectDirPath = "";
			projectRoot = "";
			targets = (
				22DEBB012B6BD1B800509043 /* TicTacToeTabitaS */,
				22DEBB172B6BD1B900509043 /* TicTacToeTabitaSTests */,
				22DEBB212B6BD1B900509043 /* TicTacToeTabitaSUITests */,
			);
		};
/* End PBXProject section */

/* Begin PBXResourcesBuildPhase section */
		22DEBB002B6BD1B800509043 /* Resources */ = {
			isa = PBXResourcesBuildPhase;
			buildActionMask = 2147483647;
			files = (
				22DEBB122B6BD1B900509043 /* LaunchScreen.storyboard in Resources */,
				22DEBB0F2B6BD1B900509043 /* Assets.xcassets in Resources */,
				22DEBB0D2B6BD1B800509043 /* Main.storyboard in Resources */,
			);
			runOnlyForDeploymentPostprocessing = 0;
		};
		22DEBB162B6BD1B900509043 /* Resources */ = {
			isa = PBXResourcesBuildPhase;
			buildActionMask = 2147483647;
			files = (
			);
			runOnlyForDeploymentPostprocessing = 0;
		};
		22DEBB202B6BD1B900509043 /* Resources */ = {
			isa = PBXResourcesBuildPhase;
			buildActionMask = 2147483647;
			files = (
			);
			runOnlyForDeploymentPostprocessing = 0;
		};
/* End PBXResourcesBuildPhase section */

/* Begin PBXSourcesBuildPhase section */
		22DEBAFE2B6BD1B800509043 /* Sources */ = {
			isa = PBXSourcesBuildPhase;
			buildActionMask = 2147483647;
			files = (
				22DEBB0A2B6BD1B800509043 /* ViewController.swift in Sources */,
				22DEBB062B6BD1B800509043 /* AppDelegate.swift in Sources */,
				22DEBB082B6BD1B800509043 /* SceneDelegate.swift in Sources */,
			);
			runOnlyForDeploymentPostprocessing = 0;
		};
		22DEBB142B6BD1B900509043 /* Sources */ = {
			isa = PBXSourcesBuildPhase;
			buildActionMask = 2147483647;
			files = (
				22DEBB1D2B6BD1B900509043 /* TicTacToeTabitaSTests.swift in Sources */,
			);
			runOnlyForDeploymentPostprocessing = 0;
		};
		22DEBB1E2B6BD1B900509043 /* Sources */ = {
			isa = PBXSourcesBuildPhase;
			buildActionMask = 2147483647;
			files = (
				22DEBB292B6BD1B900509043 /* TicTacToeTabitaSUITestsLaunchTests.swift in Sources */,
				22DEBB272B6BD1B900509043 /* TicTacToeTabitaSUITests.swift in Sources */,
			);
			runOnlyForDeploymentPostprocessing = 0;
		};
/* End PBXSourcesBuildPhase section */

/* Begin PBXTargetDependency section */
		22DEBB1A2B6BD1B900509043 /* PBXTargetDependency */ = {
			isa = PBXTargetDependency;
			target = 22DEBB012B6BD1B800509043 /* TicTacToeTabitaS */;
			targetProxy = 22DEBB192B6BD1B900509043 /* PBXContainerItemProxy */;
		};
		22DEBB242B6BD1B900509043 /* PBXTargetDependency */ = {
			isa = PBXTargetDependency;
			target = 22DEBB012B6BD1B800509043 /* TicTacToeTabitaS */;
			targetProxy = 22DEBB232B6BD1B900509043 /* PBXContainerItemProxy */;
		};
/* End PBXTargetDependency section */

/* Begin PBXVariantGroup section */
		22DEBB0B2B6BD1B800509043 /* Main.storyboard */ = {
			isa = PBXVariantGroup;
			children = (
				22DEBB0C2B6BD1B800509043 /* Base */,
			);
			name = Main.storyboard;
			sourceTree = "<group>";
		};
		22DEBB102B6BD1B900509043 /* LaunchScreen.storyboard */ = {
			isa = PBXVariantGroup;
			children = (
				22DEBB112B6BD1B900509043 /* Base */,
			);
			name = LaunchScreen.storyboard;
			sourceTree = "<group>";
		};
/* End PBXVariantGroup section */

/* Begin XCBuildConfiguration section */
		22DEBB2A2B6BD1B900509043 /* Debug */ = {
			isa = XCBuildConfiguration;
			buildSettings = {
				ALWAYS_SEARCH_USER_PATHS = NO;
				ASSETCATALOG_COMPILER_GENERATE_SWIFT_ASSET_SYMBOL_EXTENSIONS = YES;
				CLANG_ANALYZER_NONNULL = YES;
				CLANG_ANALYZER_NUMBER_OBJECT_CONVERSION = YES_AGGRESSIVE;
				CLANG_CXX_LANGUAGE_STANDARD = "gnu++20";
				CLANG_ENABLE_MODULES = YES;
				CLANG_ENABLE_OBJC_ARC = YES;
				CLANG_ENABLE_OBJC_WEAK = YES;
				CLANG_WARN_BLOCK_CAPTURE_AUTORELEASING = YES;
				CLANG_WARN_BOOL_CONVERSION = YES;
				CLANG_WARN_COMMA = YES;
				CLANG_WARN_CONSTANT_CONVERSION = YES;
				CLANG_WARN_DEPRECATED_OBJC_IMPLEMENTATIONS = YES;
				CLANG_WARN_DIRECT_OBJC_ISA_USAGE = YES_ERROR;
				CLANG_WARN_DOCUMENTATION_COMMENTS = YES;
				CLANG_WARN_EMPTY_BODY = YES;
				CLANG_WARN_ENUM_CONVERSION = YES;
				CLANG_WARN_INFINITE_RECURSION = YES;
				CLANG_WARN_INT_CONVERSION = YES;
				CLANG_WARN_NON_LITERAL_NULL_CONVERSION = YES;
				CLANG_WARN_OBJC_IMPLICIT_RETAIN_SELF = YES;
				CLANG_WARN_OBJC_LITERAL_CONVERSION = YES;
				CLANG_WARN_OBJC_ROOT_CLASS = YES_ERROR;
				CLANG_WARN_QUOTED_INCLUDE_IN_FRAMEWORK_HEADER = YES;
				CLANG_WARN_RANGE_LOOP_ANALYSIS = YES;
				CLANG_WARN_STRICT_PROTOTYPES = YES;
				CLANG_WARN_SUSPICIOUS_MOVE = YES;
				CLANG_WARN_UNGUARDED_AVAILABILITY = YES_AGGRESSIVE;
				CLANG_WARN_UNREACHABLE_CODE = YES;
				CLANG_WARN__DUPLICATE_METHOD_MATCH = YES;
				COPY_PHASE_STRIP = NO;
				DEBUG_INFORMATION_FORMAT = dwarf;
				ENABLE_STRICT_OBJC_MSGSEND = YES;
				ENABLE_TESTABILITY = YES;
				ENABLE_USER_SCRIPT_SANDBOXING = YES;
				GCC_C_LANGUAGE_STANDARD = gnu17;
				GCC_DYNAMIC_NO_PIC = NO;
				GCC_NO_COMMON_BLOCKS = YES;
				GCC_OPTIMIZATION_LEVEL = 0;
				GCC_PREPROCESSOR_DEFINITIONS = (
					"DEBUG=1",
					"$(inherited)",
				);
				GCC_WARN_64_TO_32_BIT_CONVERSION = YES;
				GCC_WARN_ABOUT_RETURN_TYPE = YES_ERROR;
				GCC_WARN_UNDECLARED_SELECTOR = YES;
				GCC_WARN_UNINITIALIZED_AUTOS = YES_AGGRESSIVE;
				GCC_WARN_UNUSED_FUNCTION = YES;
				GCC_WARN_UNUSED_VARIABLE = YES;
				IPHONEOS_DEPLOYMENT_TARGET = 17.2;
				LOCALIZATION_PREFERS_STRING_CATALOGS = YES;
				MTL_ENABLE_DEBUG_INFO = INCLUDE_SOURCE;
				MTL_FAST_MATH = YES;
				ONLY_ACTIVE_ARCH = YES;
				SDKROOT = iphoneos;
				SWIFT_ACTIVE_COMPILATION_CONDITIONS = "DEBUG $(inherited)";
				SWIFT_OPTIMIZATION_LEVEL = "-Onone";
			};
			name = Debug;
		};
		22DEBB2B2B6BD1B900509043 /* Release */ = {
			isa = XCBuildConfiguration;
			buildSettings = {
				ALWAYS_SEARCH_USER_PATHS = NO;
				ASSETCATALOG_COMPILER_GENERATE_SWIFT_ASSET_SYMBOL_EXTENSIONS = YES;
				CLANG_ANALYZER_NONNULL = YES;
				CLANG_ANALYZER_NUMBER_OBJECT_CONVERSION = YES_AGGRESSIVE;
				CLANG_CXX_LANGUAGE_STANDARD = "gnu++20";
				CLANG_ENABLE_MODULES = YES;
				CLANG_ENABLE_OBJC_ARC = YES;
				CLANG_ENABLE_OBJC_WEAK = YES;
				CLANG_WARN_BLOCK_CAPTURE_AUTORELEASING = YES;
				CLANG_WARN_BOOL_CONVERSION = YES;
				CLANG_WARN_COMMA = YES;
				CLANG_WARN_CONSTANT_CONVERSION = YES;
				CLANG_WARN_DEPRECATED_OBJC_IMPLEMENTATIONS = YES;
				CLANG_WARN_DIRECT_OBJC_ISA_USAGE = YES_ERROR;
				CLANG_WARN_DOCUMENTATION_COMMENTS = YES;
				CLANG_WARN_EMPTY_BODY = YES;
				CLANG_WARN_ENUM_CONVERSION = YES;
				CLANG_WARN_INFINITE_RECURSION = YES;
				CLANG_WARN_INT_CONVERSION = YES;
				CLANG_WARN_NON_LITERAL_NULL_CONVERSION = YES;
				CLANG_WARN_OBJC_IMPLICIT_RETAIN_SELF = YES;
				CLANG_WARN_OBJC_LITERAL_CONVERSION = YES;
				CLANG_WARN_OBJC_ROOT_CLASS = YES_ERROR;
				CLANG_WARN_QUOTED_INCLUDE_IN_FRAMEWORK_HEADER = YES;
				CLANG_WARN_RANGE_LOOP_ANALYSIS = YES;
				CLANG_WARN_STRICT_PROTOTYPES = YES;
				CLANG_WARN_SUSPICIOUS_MOVE = YES;
				CLANG_WARN_UNGUARDED_AVAILABILITY = YES_AGGRESSIVE;
				CLANG_WARN_UNREACHABLE_CODE = YES;
				CLANG_WARN__DUPLICATE_METHOD_MATCH = YES;
				COPY_PHASE_STRIP = NO;
				DEBUG_INFORMATION_FORMAT = "dwarf-with-dsym";
				ENABLE_NS_ASSERTIONS = NO;
				ENABLE_STRICT_OBJC_MSGSEND = YES;
				ENABLE_USER_SCRIPT_SANDBOXING = YES;
				GCC_C_LANGUAGE_STANDARD = gnu17;
				GCC_NO_COMMON_BLOCKS = YES;
				GCC_WARN_64_TO_32_BIT_CONVERSION = YES;
				GCC_WARN_ABOUT_RETURN_TYPE = YES_ERROR;
				GCC_WARN_UNDECLARED_SELECTOR = YES;
				GCC_WARN_UNINITIALIZED_AUTOS = YES_AGGRESSIVE;
				GCC_WARN_UNUSED_FUNCTION = YES;
				GCC_WARN_UNUSED_VARIABLE = YES;
				IPHONEOS_DEPLOYMENT_TARGET = 17.2;
				LOCALIZATION_PREFERS_STRING_CATALOGS = YES;
				MTL_ENABLE_DEBUG_INFO = NO;
				MTL_FAST_MATH = YES;
				SDKROOT = iphoneos;
				SWIFT_COMPILATION_MODE = wholemodule;
				VALIDATE_PRODUCT = YES;
			};
			name = Release;
		};
		22DEBB2D2B6BD1B900509043 /* Debug */ = {
			isa = XCBuildConfiguration;
			buildSettings = {
				ASSETCATALOG_COMPILER_APPICON_NAME = AppIcon;
				ASSETCATALOG_COMPILER_GLOBAL_ACCENT_COLOR_NAME = AccentColor;
				CODE_SIGN_STYLE = Automatic;
				CURRENT_PROJECT_VERSION = 1;
				DEVELOPMENT_TEAM = T44788J83Y;
				GENERATE_INFOPLIST_FILE = YES;
				INFOPLIST_FILE = TicTacToeTabitaS/Info.plist;
				INFOPLIST_KEY_UIApplicationSupportsIndirectInputEvents = YES;
				INFOPLIST_KEY_UILaunchStoryboardName = LaunchScreen;
				INFOPLIST_KEY_UIMainStoryboardFile = Main;
				INFOPLIST_KEY_UISupportedInterfaceOrientations_iPad = "UIInterfaceOrientationPortrait UIInterfaceOrientationPortraitUpsideDown UIInterfaceOrientationLandscapeLeft UIInterfaceOrientationLandscapeRight";
				INFOPLIST_KEY_UISupportedInterfaceOrientations_iPhone = "UIInterfaceOrientationPortrait UIInterfaceOrientationLandscapeLeft UIInterfaceOrientationLandscapeRight";
				LD_RUNPATH_SEARCH_PATHS = (
					"$(inherited)",
					"@executable_path/Frameworks",
				);
				MARKETING_VERSION = 1.0;
				PRODUCT_BUNDLE_IDENTIFIER = Tabita.TicTacToeTabitaS;
				PRODUCT_NAME = "$(TARGET_NAME)";
				SWIFT_EMIT_LOC_STRINGS = YES;
				SWIFT_VERSION = 5.0;
				TARGETED_DEVICE_FAMILY = "1,2";
			};
			name = Debug;
		};
		22DEBB2E2B6BD1B900509043 /* Release */ = {
			isa = XCBuildConfiguration;
			buildSettings = {
				ASSETCATALOG_COMPILER_APPICON_NAME = AppIcon;
				ASSETCATALOG_COMPILER_GLOBAL_ACCENT_COLOR_NAME = AccentColor;
				CODE_SIGN_STYLE = Automatic;
				CURRENT_PROJECT_VERSION = 1;
				DEVELOPMENT_TEAM = T44788J83Y;
				GENERATE_INFOPLIST_FILE = YES;
				INFOPLIST_FILE = TicTacToeTabitaS/Info.plist;
				INFOPLIST_KEY_UIApplicationSupportsIndirectInputEvents = YES;
				INFOPLIST_KEY_UILaunchStoryboardName = LaunchScreen;
				INFOPLIST_KEY_UIMainStoryboardFile = Main;
				INFOPLIST_KEY_UISupportedInterfaceOrientations_iPad = "UIInterfaceOrientationPortrait UIInterfaceOrientationPortraitUpsideDown UIInterfaceOrientationLandscapeLeft UIInterfaceOrientationLandscapeRight";
				INFOPLIST_KEY_UISupportedInterfaceOrientations_iPhone = "UIInterfaceOrientationPortrait UIInterfaceOrientationLandscapeLeft UIInterfaceOrientationLandscapeRight";
				LD_RUNPATH_SEARCH_PATHS = (
					"$(inherited)",
					"@executable_path/Frameworks",
				);
				MARKETING_VERSION = 1.0;
				PRODUCT_BUNDLE_IDENTIFIER = Tabita.TicTacToeTabitaS;
				PRODUCT_NAME = "$(TARGET_NAME)";
				SWIFT_EMIT_LOC_STRINGS = YES;
				SWIFT_VERSION = 5.0;
				TARGETED_DEVICE_FAMILY = "1,2";
			};
			name = Release;
		};
		22DEBB302B6BD1B900509043 /* Debug */ = {
			isa = XCBuildConfiguration;
			buildSettings = {
				ALWAYS_EMBED_SWIFT_STANDARD_LIBRARIES = YES;
				BUNDLE_LOADER = "$(TEST_HOST)";
				CODE_SIGN_STYLE = Automatic;
				CURRENT_PROJECT_VERSION = 1;
				DEVELOPMENT_TEAM = T44788J83Y;
				GENERATE_INFOPLIST_FILE = YES;
				IPHONEOS_DEPLOYMENT_TARGET = 17.2;
				MARKETING_VERSION = 1.0;
				PRODUCT_BUNDLE_IDENTIFIER = Tabita.TicTacToeTabitaSTests;
				PRODUCT_NAME = "$(TARGET_NAME)";
				SWIFT_EMIT_LOC_STRINGS = NO;
				SWIFT_VERSION = 5.0;
				TARGETED_DEVICE_FAMILY = "1,2";
				TEST_HOST = "$(BUILT_PRODUCTS_DIR)/TicTacToeTabitaS.app/$(BUNDLE_EXECUTABLE_FOLDER_PATH)/TicTacToeTabitaS";
			};
			name = Debug;
		};
		22DEBB312B6BD1B900509043 /* Release */ = {
			isa = XCBuildConfiguration;
			buildSettings = {
				ALWAYS_EMBED_SWIFT_STANDARD_LIBRARIES = YES;
				BUNDLE_LOADER = "$(TEST_HOST)";
				CODE_SIGN_STYLE = Automatic;
				CURRENT_PROJECT_VERSION = 1;
				DEVELOPMENT_TEAM = T44788J83Y;
				GENERATE_INFOPLIST_FILE = YES;
				IPHONEOS_DEPLOYMENT_TARGET = 17.2;
				MARKETING_VERSION = 1.0;
				PRODUCT_BUNDLE_IDENTIFIER = Tabita.TicTacToeTabitaSTests;
				PRODUCT_NAME = "$(TARGET_NAME)";
				SWIFT_EMIT_LOC_STRINGS = NO;
				SWIFT_VERSION = 5.0;
				TARGETED_DEVICE_FAMILY = "1,2";
				TEST_HOST = "$(BUILT_PRODUCTS_DIR)/TicTacToeTabitaS.app/$(BUNDLE_EXECUTABLE_FOLDER_PATH)/TicTacToeTabitaS";
			};
			name = Release;
		};
		22DEBB332B6BD1B900509043 /* Debug */ = {
			isa = XCBuildConfiguration;
			buildSettings = {
				ALWAYS_EMBED_SWIFT_STANDARD_LIBRARIES = YES;
				CODE_SIGN_STYLE = Automatic;
				CURRENT_PROJECT_VERSION = 1;
				DEVELOPMENT_TEAM = T44788J83Y;
				GENERATE_INFOPLIST_FILE = YES;
				MARKETING_VERSION = 1.0;
				PRODUCT_BUNDLE_IDENTIFIER = Tabita.TicTacToeTabitaSUITests;
				PRODUCT_NAME = "$(TARGET_NAME)";
				SWIFT_EMIT_LOC_STRINGS = NO;
				SWIFT_VERSION = 5.0;
				TARGETED_DEVICE_FAMILY = "1,2";
				TEST_TARGET_NAME = TicTacToeTabitaS;
			};
			name = Debug;
		};
		22DEBB342B6BD1B900509043 /* Release */ = {
			isa = XCBuildConfiguration;
			buildSettings = {
				ALWAYS_EMBED_SWIFT_STANDARD_LIBRARIES = YES;
				CODE_SIGN_STYLE = Automatic;
				CURRENT_PROJECT_VERSION = 1;
				DEVELOPMENT_TEAM = T44788J83Y;
				GENERATE_INFOPLIST_FILE = YES;
				MARKETING_VERSION = 1.0;
				PRODUCT_BUNDLE_IDENTIFIER = Tabita.TicTacToeTabitaSUITests;
				PRODUCT_NAME = "$(TARGET_NAME)";
				SWIFT_EMIT_LOC_STRINGS = NO;
				SWIFT_VERSION = 5.0;
				TARGETED_DEVICE_FAMILY = "1,2";
				TEST_TARGET_NAME = TicTacToeTabitaS;
			};
			name = Release;
		};
/* End XCBuildConfiguration section */

/* Begin XCConfigurationList section */
		22DEBAFD2B6BD1B800509043 /* Build configuration list for PBXProject "TicTacToeTabitaS" */ = {
			isa = XCConfigurationList;
			buildConfigurations = (
				22DEBB2A2B6BD1B900509043 /* Debug */,
				22DEBB2B2B6BD1B900509043 /* Release */,
			);
			defaultConfigurationIsVisible = 0;
			defaultConfigurationName = Release;
		};
		22DEBB2C2B6BD1B900509043 /* Build configuration list for PBXNativeTarget "TicTacToeTabitaS" */ = {
			isa = XCConfigurationList;
			buildConfigurations = (
				22DEBB2D2B6BD1B900509043 /* Debug */,
				22DEBB2E2B6BD1B900509043 /* Release */,
			);
			defaultConfigurationIsVisible = 0;
			defaultConfigurationName = Release;
		};
		22DEBB2F2B6BD1B900509043 /* Build configuration list for PBXNativeTarget "TicTacToeTabitaSTests" */ = {
			isa = XCConfigurationList;
			buildConfigurations = (
				22DEBB302B6BD1B900509043 /* Debug */,
				22DEBB312B6BD1B900509043 /* Release */,
			);
			defaultConfigurationIsVisible = 0;
			defaultConfigurationName = Release;
		};
		22DEBB322B6BD1B900509043 /* Build configuration list for PBXNativeTarget "TicTacToeTabitaSUITests" */ = {
			isa = XCConfigurationList;
			buildConfigurations = (
				22DEBB332B6BD1B900509043 /* Debug */,
				22DEBB342B6BD1B900509043 /* Release */,
			);
			defaultConfigurationIsVisible = 0;
			defaultConfigurationName = Release;
		};
/* End XCConfigurationList section */
	};
	rootObject = 22DEBAFA2B6BD1B800509043 /* Project object */;
}
